// !$*UTF8*$!
{
	archiveVersion = 1;
	classes = {
	};
	objectVersion = 46;
	objects = {

/* Begin PBXBuildFile section */
		8714D7091F19D515008C06B3 /* DataLoadingView.swift in Sources */ = {isa = PBXBuildFile; fileRef = 8714D7081F19D515008C06B3 /* DataLoadingView.swift */; };
		8714D70B1F19D57F008C06B3 /* DataLoadingView.xib in Resources */ = {isa = PBXBuildFile; fileRef = 8714D70A1F19D57F008C06B3 /* DataLoadingView.xib */; };
		8714D70F1F19D5D9008C06B3 /* UIImage+GIF.swift in Sources */ = {isa = PBXBuildFile; fileRef = 8714D70E1F19D5D9008C06B3 /* UIImage+GIF.swift */; };
		87C41CDD1ED896B5001E90F1 /* AppDelegate.swift in Sources */ = {isa = PBXBuildFile; fileRef = 87C41CDC1ED896B5001E90F1 /* AppDelegate.swift */; };
		87C41CE21ED896B5001E90F1 /* Main.storyboard in Resources */ = {isa = PBXBuildFile; fileRef = 87C41CE01ED896B5001E90F1 /* Main.storyboard */; };
		87C41CE41ED896B5001E90F1 /* Assets.xcassets in Resources */ = {isa = PBXBuildFile; fileRef = 87C41CE31ED896B5001E90F1 /* Assets.xcassets */; };
		87C41CE71ED896B5001E90F1 /* LaunchScreen.storyboard in Resources */ = {isa = PBXBuildFile; fileRef = 87C41CE51ED896B5001E90F1 /* LaunchScreen.storyboard */; };
		E601913D36D9E9DEF90CDAC2 /* Pods_WatRoom.framework in Frameworks */ = {isa = PBXBuildFile; fileRef = 31F03D16E286DDC6F3D050FC /* Pods_WatRoom.framework */; };
		F42D970F1F194634007F574A /* Database.swift in Sources */ = {isa = PBXBuildFile; fileRef = F42D970E1F194634007F574A /* Database.swift */; };
		F44495B81EF6D780004B4778 /* ClassroomsListCell.swift in Sources */ = {isa = PBXBuildFile; fileRef = F44495B71EF6D780004B4778 /* ClassroomsListCell.swift */; };
		F44495BA1EF6DACB004B4778 /* MockData.swift in Sources */ = {isa = PBXBuildFile; fileRef = F44495B91EF6DACB004B4778 /* MockData.swift */; };
		F45307C81EF5FB57001DF6D0 /* NavigationButton.swift in Sources */ = {isa = PBXBuildFile; fileRef = F45307C61EF5FB57001DF6D0 /* NavigationButton.swift */; };
		F45307C91EF5FB57001DF6D0 /* NavigationButton.xib in Resources */ = {isa = PBXBuildFile; fileRef = F45307C71EF5FB57001DF6D0 /* NavigationButton.xib */; };
		F45307CC1EF5FB60001DF6D0 /* DropDownMenu.swift in Sources */ = {isa = PBXBuildFile; fileRef = F45307CA1EF5FB60001DF6D0 /* DropDownMenu.swift */; };
		F45307CD1EF5FB60001DF6D0 /* DropDownMenuConfig.swift in Sources */ = {isa = PBXBuildFile; fileRef = F45307CB1EF5FB60001DF6D0 /* DropDownMenuConfig.swift */; };
		F45307D21EF5FB69001DF6D0 /* DropDownMenuCell.swift in Sources */ = {isa = PBXBuildFile; fileRef = F45307CE1EF5FB69001DF6D0 /* DropDownMenuCell.swift */; };
		F45307D31EF5FB69001DF6D0 /* DropDownMenuCell.xib in Resources */ = {isa = PBXBuildFile; fileRef = F45307CF1EF5FB69001DF6D0 /* DropDownMenuCell.xib */; };
		F45307D41EF5FB69001DF6D0 /* DropDownMenuTimeCell.swift in Sources */ = {isa = PBXBuildFile; fileRef = F45307D01EF5FB69001DF6D0 /* DropDownMenuTimeCell.swift */; };
		F45307D51EF5FB69001DF6D0 /* DropDownMenuTimeCell.xib in Resources */ = {isa = PBXBuildFile; fileRef = F45307D11EF5FB69001DF6D0 /* DropDownMenuTimeCell.xib */; };
		F45307D71EF5FB73001DF6D0 /* DateControl.swift in Sources */ = {isa = PBXBuildFile; fileRef = F45307D61EF5FB73001DF6D0 /* DateControl.swift */; };
		F45307DD1EF5FB7C001DF6D0 /* CircularSlider.swift in Sources */ = {isa = PBXBuildFile; fileRef = F45307D81EF5FB7C001DF6D0 /* CircularSlider.swift */; };
		F45307DE1EF5FB7C001DF6D0 /* CircularSlider+Draw.swift in Sources */ = {isa = PBXBuildFile; fileRef = F45307D91EF5FB7C001DF6D0 /* CircularSlider+Draw.swift */; };
		F45307DF1EF5FB7C001DF6D0 /* CircularSliderHelper.swift in Sources */ = {isa = PBXBuildFile; fileRef = F45307DA1EF5FB7C001DF6D0 /* CircularSliderHelper.swift */; };
		F45307E01EF5FB7C001DF6D0 /* MidPointCircularSlider.swift in Sources */ = {isa = PBXBuildFile; fileRef = F45307DB1EF5FB7C001DF6D0 /* MidPointCircularSlider.swift */; };
		F45307E11EF5FB7C001DF6D0 /* RangeCircularSlider.swift in Sources */ = {isa = PBXBuildFile; fileRef = F45307DC1EF5FB7C001DF6D0 /* RangeCircularSlider.swift */; };
		F45307E41EF5FBCE001DF6D0 /* Date+TimeFormat.swift in Sources */ = {isa = PBXBuildFile; fileRef = F45307E21EF5FBCE001DF6D0 /* Date+TimeFormat.swift */; };
		F45307E51EF5FBCE001DF6D0 /* Date+Weekdays.swift in Sources */ = {isa = PBXBuildFile; fileRef = F45307E31EF5FBCE001DF6D0 /* Date+Weekdays.swift */; };
		F45307E71EF60595001DF6D0 /* Day.swift in Sources */ = {isa = PBXBuildFile; fileRef = F45307E61EF60595001DF6D0 /* Day.swift */; };
		F45307E91EF60E1D001DF6D0 /* Feature.swift in Sources */ = {isa = PBXBuildFile; fileRef = F45307E81EF60E1D001DF6D0 /* Feature.swift */; };
		F4564A8D1F16A54600020CF5 /* ClassroomVC.swift in Sources */ = {isa = PBXBuildFile; fileRef = F4564A8C1F16A54600020CF5 /* ClassroomVC.swift */; };
		F468B54D1EF07E83006C2A11 /* CrowdLevelVC.swift in Sources */ = {isa = PBXBuildFile; fileRef = F468B54C1EF07E83006C2A11 /* CrowdLevelVC.swift */; };
		F4D16EA31F19408400622DA4 /* GoogleService-Info.plist in Resources */ = {isa = PBXBuildFile; fileRef = F4D16EA21F19408400622DA4 /* GoogleService-Info.plist */; };
		F4DE36341EE6012E00F9D89E /* AppCoordinator.swift in Sources */ = {isa = PBXBuildFile; fileRef = F4DE36321EE6012E00F9D89E /* AppCoordinator.swift */; };
		F4DE36401EE6766200F9D89E /* ClassroomsManager.swift in Sources */ = {isa = PBXBuildFile; fileRef = F4DE363F1EE6766200F9D89E /* ClassroomsManager.swift */; };
		F4DE36461EE67AB600F9D89E /* Localizable.strings in Resources */ = {isa = PBXBuildFile; fileRef = F4DE36451EE67AB600F9D89E /* Localizable.strings */; };
		F4DE36481EE67B0300F9D89E /* ConfigConstants.plist in Resources */ = {isa = PBXBuildFile; fileRef = F4DE36471EE67B0300F9D89E /* ConfigConstants.plist */; };
		F4DE364B1EE67BC900F9D89E /* Constants.swift in Sources */ = {isa = PBXBuildFile; fileRef = F4DE36491EE67BC900F9D89E /* Constants.swift */; };
		F4DE364C1EE67BC900F9D89E /* Extensions.swift in Sources */ = {isa = PBXBuildFile; fileRef = F4DE364A1EE67BC900F9D89E /* Extensions.swift */; };
		F4DE364E1EE67BD400F9D89E /* Classroom.swift in Sources */ = {isa = PBXBuildFile; fileRef = F4DE364D1EE67BD400F9D89E /* Classroom.swift */; };
		F4DE36501EE67BEA00F9D89E /* Building.swift in Sources */ = {isa = PBXBuildFile; fileRef = F4DE364F1EE67BEA00F9D89E /* Building.swift */; };
		F4DE36531EE67C5F00F9D89E /* Coordinator.swift in Sources */ = {isa = PBXBuildFile; fileRef = F4DE36521EE67C5F00F9D89E /* Coordinator.swift */; };
		F4DE36551EE67DB900F9D89E /* ClassroomsListCoordinator.swift in Sources */ = {isa = PBXBuildFile; fileRef = F4DE36541EE67DB900F9D89E /* ClassroomsListCoordinator.swift */; };
		F4DE36591EE67E3400F9D89E /* CrowdLevelCoordinator.swift in Sources */ = {isa = PBXBuildFile; fileRef = F4DE36581EE67E3400F9D89E /* CrowdLevelCoordinator.swift */; };
		F4DE365B1EE67E4D00F9D89E /* ClassroomCoordinator.swift in Sources */ = {isa = PBXBuildFile; fileRef = F4DE365A1EE67E4D00F9D89E /* ClassroomCoordinator.swift */; };
		F4DE36621EE684AA00F9D89E /* ClassroomsListVC.swift in Sources */ = {isa = PBXBuildFile; fileRef = F4DE36611EE684AA00F9D89E /* ClassroomsListVC.swift */; };
		F4DE36681EE687C000F9D89E /* Protocols.swift in Sources */ = {isa = PBXBuildFile; fileRef = F4DE36671EE687C000F9D89E /* Protocols.swift */; };
/* End PBXBuildFile section */

/* Begin PBXFileReference section */
		2F3B37AE9AF24E92FA4097BD /* Pods-WatRoom.debug.xcconfig */ = {isa = PBXFileReference; includeInIndex = 1; lastKnownFileType = text.xcconfig; name = "Pods-WatRoom.debug.xcconfig"; path = "Pods/Target Support Files/Pods-WatRoom/Pods-WatRoom.debug.xcconfig"; sourceTree = "<group>"; };
		31F03D16E286DDC6F3D050FC /* Pods_WatRoom.framework */ = {isa = PBXFileReference; explicitFileType = wrapper.framework; includeInIndex = 0; path = Pods_WatRoom.framework; sourceTree = BUILT_PRODUCTS_DIR; };
		428B69999CC0C3DD12A7906B /* Pods-WatRoom.release.xcconfig */ = {isa = PBXFileReference; includeInIndex = 1; lastKnownFileType = text.xcconfig; name = "Pods-WatRoom.release.xcconfig"; path = "Pods/Target Support Files/Pods-WatRoom/Pods-WatRoom.release.xcconfig"; sourceTree = "<group>"; };
		8714D7081F19D515008C06B3 /* DataLoadingView.swift */ = {isa = PBXFileReference; lastKnownFileType = sourcecode.swift; path = DataLoadingView.swift; sourceTree = "<group>"; };
		8714D70A1F19D57F008C06B3 /* DataLoadingView.xib */ = {isa = PBXFileReference; lastKnownFileType = file.xib; path = DataLoadingView.xib; sourceTree = "<group>"; };
		8714D70E1F19D5D9008C06B3 /* UIImage+GIF.swift */ = {isa = PBXFileReference; lastKnownFileType = sourcecode.swift; path = "UIImage+GIF.swift"; sourceTree = "<group>"; };
		87C41CD91ED896B5001E90F1 /* WatRoom.app */ = {isa = PBXFileReference; explicitFileType = wrapper.application; includeInIndex = 0; path = WatRoom.app; sourceTree = BUILT_PRODUCTS_DIR; };
		87C41CDC1ED896B5001E90F1 /* AppDelegate.swift */ = {isa = PBXFileReference; lastKnownFileType = sourcecode.swift; path = AppDelegate.swift; sourceTree = "<group>"; };
		87C41CE11ED896B5001E90F1 /* Base */ = {isa = PBXFileReference; lastKnownFileType = file.storyboard; name = Base; path = Base.lproj/Main.storyboard; sourceTree = "<group>"; };
		87C41CE31ED896B5001E90F1 /* Assets.xcassets */ = {isa = PBXFileReference; lastKnownFileType = folder.assetcatalog; path = Assets.xcassets; sourceTree = "<group>"; };
		87C41CE61ED896B5001E90F1 /* Base */ = {isa = PBXFileReference; lastKnownFileType = file.storyboard; name = Base; path = Base.lproj/LaunchScreen.storyboard; sourceTree = "<group>"; };
		87C41CE81ED896B5001E90F1 /* Info.plist */ = {isa = PBXFileReference; lastKnownFileType = text.plist.xml; path = Info.plist; sourceTree = "<group>"; };
		F42D970E1F194634007F574A /* Database.swift */ = {isa = PBXFileReference; fileEncoding = 4; lastKnownFileType = sourcecode.swift; path = Database.swift; sourceTree = "<group>"; };
		F44495B71EF6D780004B4778 /* ClassroomsListCell.swift */ = {isa = PBXFileReference; fileEncoding = 4; lastKnownFileType = sourcecode.swift; path = ClassroomsListCell.swift; sourceTree = "<group>"; };
		F44495B91EF6DACB004B4778 /* MockData.swift */ = {isa = PBXFileReference; fileEncoding = 4; lastKnownFileType = sourcecode.swift; path = MockData.swift; sourceTree = "<group>"; };
		F45307C61EF5FB57001DF6D0 /* NavigationButton.swift */ = {isa = PBXFileReference; fileEncoding = 4; lastKnownFileType = sourcecode.swift; path = NavigationButton.swift; sourceTree = "<group>"; };
		F45307C71EF5FB57001DF6D0 /* NavigationButton.xib */ = {isa = PBXFileReference; fileEncoding = 4; lastKnownFileType = file.xib; path = NavigationButton.xib; sourceTree = "<group>"; };
		F45307CA1EF5FB60001DF6D0 /* DropDownMenu.swift */ = {isa = PBXFileReference; fileEncoding = 4; lastKnownFileType = sourcecode.swift; path = DropDownMenu.swift; sourceTree = "<group>"; };
		F45307CB1EF5FB60001DF6D0 /* DropDownMenuConfig.swift */ = {isa = PBXFileReference; fileEncoding = 4; lastKnownFileType = sourcecode.swift; path = DropDownMenuConfig.swift; sourceTree = "<group>"; };
		F45307CE1EF5FB69001DF6D0 /* DropDownMenuCell.swift */ = {isa = PBXFileReference; fileEncoding = 4; lastKnownFileType = sourcecode.swift; path = DropDownMenuCell.swift; sourceTree = "<group>"; };
		F45307CF1EF5FB69001DF6D0 /* DropDownMenuCell.xib */ = {isa = PBXFileReference; fileEncoding = 4; lastKnownFileType = file.xib; path = DropDownMenuCell.xib; sourceTree = "<group>"; };
		F45307D01EF5FB69001DF6D0 /* DropDownMenuTimeCell.swift */ = {isa = PBXFileReference; fileEncoding = 4; lastKnownFileType = sourcecode.swift; path = DropDownMenuTimeCell.swift; sourceTree = "<group>"; };
		F45307D11EF5FB69001DF6D0 /* DropDownMenuTimeCell.xib */ = {isa = PBXFileReference; fileEncoding = 4; lastKnownFileType = file.xib; path = DropDownMenuTimeCell.xib; sourceTree = "<group>"; };
		F45307D61EF5FB73001DF6D0 /* DateControl.swift */ = {isa = PBXFileReference; fileEncoding = 4; lastKnownFileType = sourcecode.swift; path = DateControl.swift; sourceTree = "<group>"; };
		F45307D81EF5FB7C001DF6D0 /* CircularSlider.swift */ = {isa = PBXFileReference; fileEncoding = 4; lastKnownFileType = sourcecode.swift; path = CircularSlider.swift; sourceTree = "<group>"; };
		F45307D91EF5FB7C001DF6D0 /* CircularSlider+Draw.swift */ = {isa = PBXFileReference; fileEncoding = 4; lastKnownFileType = sourcecode.swift; path = "CircularSlider+Draw.swift"; sourceTree = "<group>"; };
		F45307DA1EF5FB7C001DF6D0 /* CircularSliderHelper.swift */ = {isa = PBXFileReference; fileEncoding = 4; lastKnownFileType = sourcecode.swift; path = CircularSliderHelper.swift; sourceTree = "<group>"; };
		F45307DB1EF5FB7C001DF6D0 /* MidPointCircularSlider.swift */ = {isa = PBXFileReference; fileEncoding = 4; lastKnownFileType = sourcecode.swift; path = MidPointCircularSlider.swift; sourceTree = "<group>"; };
		F45307DC1EF5FB7C001DF6D0 /* RangeCircularSlider.swift */ = {isa = PBXFileReference; fileEncoding = 4; lastKnownFileType = sourcecode.swift; path = RangeCircularSlider.swift; sourceTree = "<group>"; };
		F45307E21EF5FBCE001DF6D0 /* Date+TimeFormat.swift */ = {isa = PBXFileReference; fileEncoding = 4; lastKnownFileType = sourcecode.swift; path = "Date+TimeFormat.swift"; sourceTree = "<group>"; };
		F45307E31EF5FBCE001DF6D0 /* Date+Weekdays.swift */ = {isa = PBXFileReference; fileEncoding = 4; lastKnownFileType = sourcecode.swift; path = "Date+Weekdays.swift"; sourceTree = "<group>"; };
		F45307E61EF60595001DF6D0 /* Day.swift */ = {isa = PBXFileReference; fileEncoding = 4; lastKnownFileType = sourcecode.swift; path = Day.swift; sourceTree = "<group>"; };
		F45307E81EF60E1D001DF6D0 /* Feature.swift */ = {isa = PBXFileReference; fileEncoding = 4; lastKnownFileType = sourcecode.swift; path = Feature.swift; sourceTree = "<group>"; };
		F4564A8C1F16A54600020CF5 /* ClassroomVC.swift */ = {isa = PBXFileReference; fileEncoding = 4; lastKnownFileType = sourcecode.swift; name = ClassroomVC.swift; path = Classroom/ClassroomVC.swift; sourceTree = "<group>"; };
		F468B54C1EF07E83006C2A11 /* CrowdLevelVC.swift */ = {isa = PBXFileReference; fileEncoding = 4; lastKnownFileType = sourcecode.swift; name = CrowdLevelVC.swift; path = CrowdLevel/CrowdLevelVC.swift; sourceTree = "<group>"; };
		F4D16EA21F19408400622DA4 /* GoogleService-Info.plist */ = {isa = PBXFileReference; fileEncoding = 4; lastKnownFileType = text.plist.xml; path = "GoogleService-Info.plist"; sourceTree = "<group>"; };
		F4DE36321EE6012E00F9D89E /* AppCoordinator.swift */ = {isa = PBXFileReference; fileEncoding = 4; lastKnownFileType = sourcecode.swift; path = AppCoordinator.swift; sourceTree = "<group>"; };
		F4DE363F1EE6766200F9D89E /* ClassroomsManager.swift */ = {isa = PBXFileReference; fileEncoding = 4; lastKnownFileType = sourcecode.swift; path = ClassroomsManager.swift; sourceTree = "<group>"; };
		F4DE36451EE67AB600F9D89E /* Localizable.strings */ = {isa = PBXFileReference; fileEncoding = 4; lastKnownFileType = text.plist.strings; path = Localizable.strings; sourceTree = "<group>"; };
		F4DE36471EE67B0300F9D89E /* ConfigConstants.plist */ = {isa = PBXFileReference; fileEncoding = 4; lastKnownFileType = text.plist.xml; path = ConfigConstants.plist; sourceTree = "<group>"; };
		F4DE36491EE67BC900F9D89E /* Constants.swift */ = {isa = PBXFileReference; fileEncoding = 4; lastKnownFileType = sourcecode.swift; path = Constants.swift; sourceTree = "<group>"; };
		F4DE364A1EE67BC900F9D89E /* Extensions.swift */ = {isa = PBXFileReference; fileEncoding = 4; lastKnownFileType = sourcecode.swift; path = Extensions.swift; sourceTree = "<group>"; };
		F4DE364D1EE67BD400F9D89E /* Classroom.swift */ = {isa = PBXFileReference; fileEncoding = 4; lastKnownFileType = sourcecode.swift; path = Classroom.swift; sourceTree = "<group>"; };
		F4DE364F1EE67BEA00F9D89E /* Building.swift */ = {isa = PBXFileReference; fileEncoding = 4; lastKnownFileType = sourcecode.swift; path = Building.swift; sourceTree = "<group>"; };
		F4DE36521EE67C5F00F9D89E /* Coordinator.swift */ = {isa = PBXFileReference; fileEncoding = 4; lastKnownFileType = sourcecode.swift; path = Coordinator.swift; sourceTree = "<group>"; };
		F4DE36541EE67DB900F9D89E /* ClassroomsListCoordinator.swift */ = {isa = PBXFileReference; fileEncoding = 4; lastKnownFileType = sourcecode.swift; path = ClassroomsListCoordinator.swift; sourceTree = "<group>"; };
		F4DE36581EE67E3400F9D89E /* CrowdLevelCoordinator.swift */ = {isa = PBXFileReference; fileEncoding = 4; lastKnownFileType = sourcecode.swift; path = CrowdLevelCoordinator.swift; sourceTree = "<group>"; };
		F4DE365A1EE67E4D00F9D89E /* ClassroomCoordinator.swift */ = {isa = PBXFileReference; fileEncoding = 4; lastKnownFileType = sourcecode.swift; path = ClassroomCoordinator.swift; sourceTree = "<group>"; };
		F4DE36611EE684AA00F9D89E /* ClassroomsListVC.swift */ = {isa = PBXFileReference; fileEncoding = 4; lastKnownFileType = sourcecode.swift; path = ClassroomsListVC.swift; sourceTree = "<group>"; };
		F4DE36671EE687C000F9D89E /* Protocols.swift */ = {isa = PBXFileReference; fileEncoding = 4; lastKnownFileType = sourcecode.swift; path = Protocols.swift; sourceTree = "<group>"; };
/* End PBXFileReference section */

/* Begin PBXFrameworksBuildPhase section */
		87C41CD61ED896B5001E90F1 /* Frameworks */ = {
			isa = PBXFrameworksBuildPhase;
			buildActionMask = 2147483647;
			files = (
				E601913D36D9E9DEF90CDAC2 /* Pods_WatRoom.framework in Frameworks */,
			);
			runOnlyForDeploymentPostprocessing = 0;
		};
/* End PBXFrameworksBuildPhase section */

/* Begin PBXGroup section */
		6AFC2FC658BE9F55A761E455 /* Pods */ = {
			isa = PBXGroup;
			children = (
				2F3B37AE9AF24E92FA4097BD /* Pods-WatRoom.debug.xcconfig */,
				428B69999CC0C3DD12A7906B /* Pods-WatRoom.release.xcconfig */,
			);
			name = Pods;
			sourceTree = "<group>";
		};
		8714D7071F19D4F7008C06B3 /* DataLoadingView */ = {
			isa = PBXGroup;
			children = (
				8714D7081F19D515008C06B3 /* DataLoadingView.swift */,
				8714D70A1F19D57F008C06B3 /* DataLoadingView.xib */,
			);
			path = DataLoadingView;
			sourceTree = "<group>";
		};
		879E467D1EF31B1400587BE9 /* Views */ = {
			isa = PBXGroup;
			children = (
				8714D7071F19D4F7008C06B3 /* DataLoadingView */,
				F45307C51EF5FB19001DF6D0 /* NavigationButton */,
				F45307C21EF5FADD001DF6D0 /* DropDownMenu */,
				F45307C11EF5FAD5001DF6D0 /* DateControl */,
				F45307C01EF5FACD001DF6D0 /* CircularSlider */,
			);
			path = Views;
			sourceTree = "<group>";
		};
		87C41CD01ED896B5001E90F1 = {
			isa = PBXGroup;
			children = (
				87C41CDB1ED896B5001E90F1 /* WatRoom */,
				87C41CDA1ED896B5001E90F1 /* Products */,
				6AFC2FC658BE9F55A761E455 /* Pods */,
				AE6681D65053A1E3063BD189 /* Frameworks */,
			);
			sourceTree = "<group>";
		};
		87C41CDA1ED896B5001E90F1 /* Products */ = {
			isa = PBXGroup;
			children = (
				87C41CD91ED896B5001E90F1 /* WatRoom.app */,
			);
			name = Products;
			sourceTree = "<group>";
		};
		87C41CDB1ED896B5001E90F1 /* WatRoom */ = {
			isa = PBXGroup;
			children = (
				F4DE36271EE1E27D00F9D89E /* Classes */,
				87C41CDC1ED896B5001E90F1 /* AppDelegate.swift */,
				87C41CE01ED896B5001E90F1 /* Main.storyboard */,
				87C41CE31ED896B5001E90F1 /* Assets.xcassets */,
				87C41CE51ED896B5001E90F1 /* LaunchScreen.storyboard */,
<<<<<<< HEAD
				8714D70C1F19D5B4008C06B3 /* goose.gif */,
=======
				8714D7101F19DA54008C06B3 /* goose.gif */,
>>>>>>> 8840d6fe6c39fb53e66578d3d661d99317752b26
				87C41CE81ED896B5001E90F1 /* Info.plist */,
				F4D16EA21F19408400622DA4 /* GoogleService-Info.plist */,
				F4DE36451EE67AB600F9D89E /* Localizable.strings */,
				F4DE36471EE67B0300F9D89E /* ConfigConstants.plist */,
			);
			path = WatRoom;
			sourceTree = "<group>";
		};
		AE6681D65053A1E3063BD189 /* Frameworks */ = {
			isa = PBXGroup;
			children = (
				31F03D16E286DDC6F3D050FC /* Pods_WatRoom.framework */,
			);
			name = Frameworks;
			sourceTree = "<group>";
		};
		F44495B61EF6D731004B4778 /* Table View Cells */ = {
			isa = PBXGroup;
			children = (
				F44495B71EF6D780004B4778 /* ClassroomsListCell.swift */,
			);
			name = "Table View Cells";
			path = "Table VIew Cells";
			sourceTree = "<group>";
		};
		F45307C01EF5FACD001DF6D0 /* CircularSlider */ = {
			isa = PBXGroup;
			children = (
				F45307D81EF5FB7C001DF6D0 /* CircularSlider.swift */,
				F45307D91EF5FB7C001DF6D0 /* CircularSlider+Draw.swift */,
				F45307DA1EF5FB7C001DF6D0 /* CircularSliderHelper.swift */,
				F45307DB1EF5FB7C001DF6D0 /* MidPointCircularSlider.swift */,
				F45307DC1EF5FB7C001DF6D0 /* RangeCircularSlider.swift */,
			);
			path = CircularSlider;
			sourceTree = "<group>";
		};
		F45307C11EF5FAD5001DF6D0 /* DateControl */ = {
			isa = PBXGroup;
			children = (
				F45307D61EF5FB73001DF6D0 /* DateControl.swift */,
			);
			path = DateControl;
			sourceTree = "<group>";
		};
		F45307C21EF5FADD001DF6D0 /* DropDownMenu */ = {
			isa = PBXGroup;
			children = (
				F45307CA1EF5FB60001DF6D0 /* DropDownMenu.swift */,
				F45307CB1EF5FB60001DF6D0 /* DropDownMenuConfig.swift */,
				F45307C41EF5FB11001DF6D0 /* Cell */,
			);
			path = DropDownMenu;
			sourceTree = "<group>";
		};
		F45307C41EF5FB11001DF6D0 /* Cell */ = {
			isa = PBXGroup;
			children = (
				F45307CE1EF5FB69001DF6D0 /* DropDownMenuCell.swift */,
				F45307CF1EF5FB69001DF6D0 /* DropDownMenuCell.xib */,
				F45307D01EF5FB69001DF6D0 /* DropDownMenuTimeCell.swift */,
				F45307D11EF5FB69001DF6D0 /* DropDownMenuTimeCell.xib */,
			);
			path = Cell;
			sourceTree = "<group>";
		};
		F45307C51EF5FB19001DF6D0 /* NavigationButton */ = {
			isa = PBXGroup;
			children = (
				F45307C61EF5FB57001DF6D0 /* NavigationButton.swift */,
				F45307C71EF5FB57001DF6D0 /* NavigationButton.xib */,
			);
			path = NavigationButton;
			sourceTree = "<group>";
		};
		F4DE36271EE1E27D00F9D89E /* Classes */ = {
			isa = PBXGroup;
			children = (
				F4DE36361EE6731600F9D89E /* Utilities */,
				F4DE362E1EE5F42100F9D89E /* Coordinators */,
				F4DE362A1EE211C000F9D89E /* Models */,
				F4DE36291EE1E31000F9D89E /* DB Networking */,
				F4DE36281EE1E30900F9D89E /* Managers */,
				F4DE365C1EE6835300F9D89E /* Sections */,
			);
			path = Classes;
			sourceTree = "<group>";
		};
		F4DE36281EE1E30900F9D89E /* Managers */ = {
			isa = PBXGroup;
			children = (
				F4DE363F1EE6766200F9D89E /* ClassroomsManager.swift */,
			);
			path = Managers;
			sourceTree = "<group>";
		};
		F4DE36291EE1E31000F9D89E /* DB Networking */ = {
			isa = PBXGroup;
			children = (
				F44495B91EF6DACB004B4778 /* MockData.swift */,
				F42D970E1F194634007F574A /* Database.swift */,
			);
			path = "DB Networking";
			sourceTree = "<group>";
		};
		F4DE362A1EE211C000F9D89E /* Models */ = {
			isa = PBXGroup;
			children = (
				F4DE364F1EE67BEA00F9D89E /* Building.swift */,
				F4DE364D1EE67BD400F9D89E /* Classroom.swift */,
				F45307E61EF60595001DF6D0 /* Day.swift */,
				F45307E81EF60E1D001DF6D0 /* Feature.swift */,
			);
			path = Models;
			sourceTree = "<group>";
		};
		F4DE362E1EE5F42100F9D89E /* Coordinators */ = {
			isa = PBXGroup;
			children = (
				F4DE36511EE67C4F00F9D89E /* Protocol */,
				F4DE36321EE6012E00F9D89E /* AppCoordinator.swift */,
				F4DE36541EE67DB900F9D89E /* ClassroomsListCoordinator.swift */,
				F4DE36581EE67E3400F9D89E /* CrowdLevelCoordinator.swift */,
				F4DE365A1EE67E4D00F9D89E /* ClassroomCoordinator.swift */,
			);
			path = Coordinators;
			sourceTree = "<group>";
		};
		F4DE36361EE6731600F9D89E /* Utilities */ = {
			isa = PBXGroup;
			children = (
				F45307E21EF5FBCE001DF6D0 /* Date+TimeFormat.swift */,
				F45307E31EF5FBCE001DF6D0 /* Date+Weekdays.swift */,
				F4DE36491EE67BC900F9D89E /* Constants.swift */,
				F4DE364A1EE67BC900F9D89E /* Extensions.swift */,
				8714D70E1F19D5D9008C06B3 /* UIImage+GIF.swift */,
				F4DE36671EE687C000F9D89E /* Protocols.swift */,
			);
			path = Utilities;
			sourceTree = "<group>";
		};
		F4DE36511EE67C4F00F9D89E /* Protocol */ = {
			isa = PBXGroup;
			children = (
				F4DE36521EE67C5F00F9D89E /* Coordinator.swift */,
			);
			path = Protocol;
			sourceTree = "<group>";
		};
		F4DE365C1EE6835300F9D89E /* Sections */ = {
			isa = PBXGroup;
			children = (
				F4DE365D1EE6843100F9D89E /* ClassroomsList */,
				F4DE36631EE685AA00F9D89E /* ClassroomsMap */,
				F4DE36641EE685C900F9D89E /* CrowdLevel */,
				F4DE36651EE685D100F9D89E /* Classroom */,
			);
			path = Sections;
			sourceTree = "<group>";
		};
		F4DE365D1EE6843100F9D89E /* ClassroomsList */ = {
			isa = PBXGroup;
			children = (
				F44495B61EF6D731004B4778 /* Table View Cells */,
				879E467D1EF31B1400587BE9 /* Views */,
				F4DE36601EE6847C00F9D89E /* View Controllers */,
			);
			path = ClassroomsList;
			sourceTree = "<group>";
		};
		F4DE36601EE6847C00F9D89E /* View Controllers */ = {
			isa = PBXGroup;
			children = (
				F4DE36611EE684AA00F9D89E /* ClassroomsListVC.swift */,
			);
			path = "View Controllers";
			sourceTree = "<group>";
		};
		F4DE36631EE685AA00F9D89E /* ClassroomsMap */ = {
			isa = PBXGroup;
			children = (
			);
			name = ClassroomsMap;
			sourceTree = "<group>";
		};
		F4DE36641EE685C900F9D89E /* CrowdLevel */ = {
			isa = PBXGroup;
			children = (
				F468B54C1EF07E83006C2A11 /* CrowdLevelVC.swift */,
			);
			name = CrowdLevel;
			sourceTree = "<group>";
		};
		F4DE36651EE685D100F9D89E /* Classroom */ = {
			isa = PBXGroup;
			children = (
				F4564A8C1F16A54600020CF5 /* ClassroomVC.swift */,
			);
			name = Classroom;
			sourceTree = "<group>";
		};
/* End PBXGroup section */

/* Begin PBXNativeTarget section */
		87C41CD81ED896B5001E90F1 /* WatRoom */ = {
			isa = PBXNativeTarget;
			buildConfigurationList = 87C41CEB1ED896B5001E90F1 /* Build configuration list for PBXNativeTarget "WatRoom" */;
			buildPhases = (
				DCA3C0323775CF4C08A676ED /* [CP] Check Pods Manifest.lock */,
				87C41CD51ED896B5001E90F1 /* Sources */,
				87C41CD61ED896B5001E90F1 /* Frameworks */,
				87C41CD71ED896B5001E90F1 /* Resources */,
				8847F956EFF4CEC56D78D8B0 /* [CP] Embed Pods Frameworks */,
				670CCD8AB8D388C76DFA033B /* [CP] Copy Pods Resources */,
			);
			buildRules = (
			);
			dependencies = (
			);
			name = WatRoom;
			productName = WatRoom;
			productReference = 87C41CD91ED896B5001E90F1 /* WatRoom.app */;
			productType = "com.apple.product-type.application";
		};
/* End PBXNativeTarget section */

/* Begin PBXProject section */
		87C41CD11ED896B5001E90F1 /* Project object */ = {
			isa = PBXProject;
			attributes = {
				LastSwiftUpdateCheck = 0830;
				LastUpgradeCheck = 0830;
				ORGANIZATIONNAME = Monster;
				TargetAttributes = {
					87C41CD81ED896B5001E90F1 = {
						CreatedOnToolsVersion = 8.3;
						DevelopmentTeam = 89449AARGW;
						ProvisioningStyle = Automatic;
					};
				};
			};
			buildConfigurationList = 87C41CD41ED896B5001E90F1 /* Build configuration list for PBXProject "WatRoom" */;
			compatibilityVersion = "Xcode 3.2";
			developmentRegion = English;
			hasScannedForEncodings = 0;
			knownRegions = (
				en,
				Base,
			);
			mainGroup = 87C41CD01ED896B5001E90F1;
			productRefGroup = 87C41CDA1ED896B5001E90F1 /* Products */;
			projectDirPath = "";
			projectRoot = "";
			targets = (
				87C41CD81ED896B5001E90F1 /* WatRoom */,
			);
		};
/* End PBXProject section */

/* Begin PBXResourcesBuildPhase section */
		87C41CD71ED896B5001E90F1 /* Resources */ = {
			isa = PBXResourcesBuildPhase;
			buildActionMask = 2147483647;
			files = (
				87C41CE71ED896B5001E90F1 /* LaunchScreen.storyboard in Resources */,
				F4DE36461EE67AB600F9D89E /* Localizable.strings in Resources */,
				F4D16EA31F19408400622DA4 /* GoogleService-Info.plist in Resources */,
				F45307D51EF5FB69001DF6D0 /* DropDownMenuTimeCell.xib in Resources */,
				87C41CE41ED896B5001E90F1 /* Assets.xcassets in Resources */,
				F4DE36481EE67B0300F9D89E /* ConfigConstants.plist in Resources */,
				87C41CE21ED896B5001E90F1 /* Main.storyboard in Resources */,
				F45307D31EF5FB69001DF6D0 /* DropDownMenuCell.xib in Resources */,
				F45307C91EF5FB57001DF6D0 /* NavigationButton.xib in Resources */,
				8714D70B1F19D57F008C06B3 /* DataLoadingView.xib in Resources */,
			);
			runOnlyForDeploymentPostprocessing = 0;
		};
/* End PBXResourcesBuildPhase section */

/* Begin PBXShellScriptBuildPhase section */
		670CCD8AB8D388C76DFA033B /* [CP] Copy Pods Resources */ = {
			isa = PBXShellScriptBuildPhase;
			buildActionMask = 2147483647;
			files = (
			);
			inputPaths = (
			);
			name = "[CP] Copy Pods Resources";
			outputPaths = (
			);
			runOnlyForDeploymentPostprocessing = 0;
			shellPath = /bin/sh;
			shellScript = "\"${SRCROOT}/Pods/Target Support Files/Pods-WatRoom/Pods-WatRoom-resources.sh\"\n";
			showEnvVarsInLog = 0;
		};
		8847F956EFF4CEC56D78D8B0 /* [CP] Embed Pods Frameworks */ = {
			isa = PBXShellScriptBuildPhase;
			buildActionMask = 2147483647;
			files = (
			);
			inputPaths = (
			);
			name = "[CP] Embed Pods Frameworks";
			outputPaths = (
			);
			runOnlyForDeploymentPostprocessing = 0;
			shellPath = /bin/sh;
			shellScript = "\"${SRCROOT}/Pods/Target Support Files/Pods-WatRoom/Pods-WatRoom-frameworks.sh\"\n";
			showEnvVarsInLog = 0;
		};
		DCA3C0323775CF4C08A676ED /* [CP] Check Pods Manifest.lock */ = {
			isa = PBXShellScriptBuildPhase;
			buildActionMask = 2147483647;
			files = (
			);
			inputPaths = (
			);
			name = "[CP] Check Pods Manifest.lock";
			outputPaths = (
			);
			runOnlyForDeploymentPostprocessing = 0;
			shellPath = /bin/sh;
			shellScript = "diff \"${PODS_ROOT}/../Podfile.lock\" \"${PODS_ROOT}/Manifest.lock\" > /dev/null\nif [[ $? != 0 ]] ; then\n    cat << EOM\nerror: The sandbox is not in sync with the Podfile.lock. Run 'pod install' or update your CocoaPods installation.\nEOM\n    exit 1\nfi\n";
			showEnvVarsInLog = 0;
		};
/* End PBXShellScriptBuildPhase section */

/* Begin PBXSourcesBuildPhase section */
		87C41CD51ED896B5001E90F1 /* Sources */ = {
			isa = PBXSourcesBuildPhase;
			buildActionMask = 2147483647;
			files = (
				F4DE36681EE687C000F9D89E /* Protocols.swift in Sources */,
				F4DE36551EE67DB900F9D89E /* ClassroomsListCoordinator.swift in Sources */,
				F45307CD1EF5FB60001DF6D0 /* DropDownMenuConfig.swift in Sources */,
				F4DE36591EE67E3400F9D89E /* CrowdLevelCoordinator.swift in Sources */,
				F45307DE1EF5FB7C001DF6D0 /* CircularSlider+Draw.swift in Sources */,
				F4DE36501EE67BEA00F9D89E /* Building.swift in Sources */,
				F4DE364C1EE67BC900F9D89E /* Extensions.swift in Sources */,
				F45307D21EF5FB69001DF6D0 /* DropDownMenuCell.swift in Sources */,
				F44495BA1EF6DACB004B4778 /* MockData.swift in Sources */,
				F4DE365B1EE67E4D00F9D89E /* ClassroomCoordinator.swift in Sources */,
				F45307C81EF5FB57001DF6D0 /* NavigationButton.swift in Sources */,
				F468B54D1EF07E83006C2A11 /* CrowdLevelVC.swift in Sources */,
				F42D970F1F194634007F574A /* Database.swift in Sources */,
				F45307DF1EF5FB7C001DF6D0 /* CircularSliderHelper.swift in Sources */,
				F4DE36341EE6012E00F9D89E /* AppCoordinator.swift in Sources */,
				F45307DD1EF5FB7C001DF6D0 /* CircularSlider.swift in Sources */,
				F45307E71EF60595001DF6D0 /* Day.swift in Sources */,
				F44495B81EF6D780004B4778 /* ClassroomsListCell.swift in Sources */,
				F45307E91EF60E1D001DF6D0 /* Feature.swift in Sources */,
				8714D7091F19D515008C06B3 /* DataLoadingView.swift in Sources */,
				F45307D41EF5FB69001DF6D0 /* DropDownMenuTimeCell.swift in Sources */,
				F45307E51EF5FBCE001DF6D0 /* Date+Weekdays.swift in Sources */,
				F45307CC1EF5FB60001DF6D0 /* DropDownMenu.swift in Sources */,
				87C41CDD1ED896B5001E90F1 /* AppDelegate.swift in Sources */,
				F4DE364E1EE67BD400F9D89E /* Classroom.swift in Sources */,
				F4DE36401EE6766200F9D89E /* ClassroomsManager.swift in Sources */,
				F4564A8D1F16A54600020CF5 /* ClassroomVC.swift in Sources */,
				F45307E01EF5FB7C001DF6D0 /* MidPointCircularSlider.swift in Sources */,
				F4DE36621EE684AA00F9D89E /* ClassroomsListVC.swift in Sources */,
				F45307E11EF5FB7C001DF6D0 /* RangeCircularSlider.swift in Sources */,
				8714D70F1F19D5D9008C06B3 /* UIImage+GIF.swift in Sources */,
				F4DE364B1EE67BC900F9D89E /* Constants.swift in Sources */,
				F4DE36531EE67C5F00F9D89E /* Coordinator.swift in Sources */,
				F45307D71EF5FB73001DF6D0 /* DateControl.swift in Sources */,
				F45307E41EF5FBCE001DF6D0 /* Date+TimeFormat.swift in Sources */,
			);
			runOnlyForDeploymentPostprocessing = 0;
		};
/* End PBXSourcesBuildPhase section */

/* Begin PBXVariantGroup section */
		87C41CE01ED896B5001E90F1 /* Main.storyboard */ = {
			isa = PBXVariantGroup;
			children = (
				87C41CE11ED896B5001E90F1 /* Base */,
			);
			name = Main.storyboard;
			sourceTree = "<group>";
		};
		87C41CE51ED896B5001E90F1 /* LaunchScreen.storyboard */ = {
			isa = PBXVariantGroup;
			children = (
				87C41CE61ED896B5001E90F1 /* Base */,
			);
			name = LaunchScreen.storyboard;
			sourceTree = "<group>";
		};
/* End PBXVariantGroup section */

/* Begin XCBuildConfiguration section */
		87C41CE91ED896B5001E90F1 /* Debug */ = {
			isa = XCBuildConfiguration;
			buildSettings = {
				ALWAYS_SEARCH_USER_PATHS = NO;
				CLANG_ANALYZER_NONNULL = YES;
				CLANG_ANALYZER_NUMBER_OBJECT_CONVERSION = YES_AGGRESSIVE;
				CLANG_CXX_LANGUAGE_STANDARD = "gnu++0x";
				CLANG_CXX_LIBRARY = "libc++";
				CLANG_ENABLE_MODULES = YES;
				CLANG_ENABLE_OBJC_ARC = YES;
				CLANG_WARN_BOOL_CONVERSION = YES;
				CLANG_WARN_CONSTANT_CONVERSION = YES;
				CLANG_WARN_DIRECT_OBJC_ISA_USAGE = YES_ERROR;
				CLANG_WARN_DOCUMENTATION_COMMENTS = YES;
				CLANG_WARN_EMPTY_BODY = YES;
				CLANG_WARN_ENUM_CONVERSION = YES;
				CLANG_WARN_INFINITE_RECURSION = YES;
				CLANG_WARN_INT_CONVERSION = YES;
				CLANG_WARN_OBJC_ROOT_CLASS = YES_ERROR;
				CLANG_WARN_SUSPICIOUS_MOVE = YES;
				CLANG_WARN_UNREACHABLE_CODE = YES;
				CLANG_WARN__DUPLICATE_METHOD_MATCH = YES;
				"CODE_SIGN_IDENTITY[sdk=iphoneos*]" = "iPhone Developer";
				COPY_PHASE_STRIP = NO;
				DEBUG_INFORMATION_FORMAT = dwarf;
				ENABLE_STRICT_OBJC_MSGSEND = YES;
				ENABLE_TESTABILITY = YES;
				GCC_C_LANGUAGE_STANDARD = gnu99;
				GCC_DYNAMIC_NO_PIC = NO;
				GCC_NO_COMMON_BLOCKS = YES;
				GCC_OPTIMIZATION_LEVEL = 0;
				GCC_PREPROCESSOR_DEFINITIONS = (
					"DEBUG=1",
					"$(inherited)",
				);
				GCC_WARN_64_TO_32_BIT_CONVERSION = YES;
				GCC_WARN_ABOUT_RETURN_TYPE = YES_ERROR;
				GCC_WARN_UNDECLARED_SELECTOR = YES;
				GCC_WARN_UNINITIALIZED_AUTOS = YES_AGGRESSIVE;
				GCC_WARN_UNUSED_FUNCTION = YES;
				GCC_WARN_UNUSED_VARIABLE = YES;
				IPHONEOS_DEPLOYMENT_TARGET = 10.3;
				MTL_ENABLE_DEBUG_INFO = YES;
				ONLY_ACTIVE_ARCH = YES;
				SDKROOT = iphoneos;
				SWIFT_ACTIVE_COMPILATION_CONDITIONS = DEBUG;
				SWIFT_OPTIMIZATION_LEVEL = "-Onone";
				TARGETED_DEVICE_FAMILY = "1,2";
			};
			name = Debug;
		};
		87C41CEA1ED896B5001E90F1 /* Release */ = {
			isa = XCBuildConfiguration;
			buildSettings = {
				ALWAYS_SEARCH_USER_PATHS = NO;
				CLANG_ANALYZER_NONNULL = YES;
				CLANG_ANALYZER_NUMBER_OBJECT_CONVERSION = YES_AGGRESSIVE;
				CLANG_CXX_LANGUAGE_STANDARD = "gnu++0x";
				CLANG_CXX_LIBRARY = "libc++";
				CLANG_ENABLE_MODULES = YES;
				CLANG_ENABLE_OBJC_ARC = YES;
				CLANG_WARN_BOOL_CONVERSION = YES;
				CLANG_WARN_CONSTANT_CONVERSION = YES;
				CLANG_WARN_DIRECT_OBJC_ISA_USAGE = YES_ERROR;
				CLANG_WARN_DOCUMENTATION_COMMENTS = YES;
				CLANG_WARN_EMPTY_BODY = YES;
				CLANG_WARN_ENUM_CONVERSION = YES;
				CLANG_WARN_INFINITE_RECURSION = YES;
				CLANG_WARN_INT_CONVERSION = YES;
				CLANG_WARN_OBJC_ROOT_CLASS = YES_ERROR;
				CLANG_WARN_SUSPICIOUS_MOVE = YES;
				CLANG_WARN_UNREACHABLE_CODE = YES;
				CLANG_WARN__DUPLICATE_METHOD_MATCH = YES;
				"CODE_SIGN_IDENTITY[sdk=iphoneos*]" = "iPhone Developer";
				COPY_PHASE_STRIP = NO;
				DEBUG_INFORMATION_FORMAT = "dwarf-with-dsym";
				ENABLE_NS_ASSERTIONS = NO;
				ENABLE_STRICT_OBJC_MSGSEND = YES;
				GCC_C_LANGUAGE_STANDARD = gnu99;
				GCC_NO_COMMON_BLOCKS = YES;
				GCC_WARN_64_TO_32_BIT_CONVERSION = YES;
				GCC_WARN_ABOUT_RETURN_TYPE = YES_ERROR;
				GCC_WARN_UNDECLARED_SELECTOR = YES;
				GCC_WARN_UNINITIALIZED_AUTOS = YES_AGGRESSIVE;
				GCC_WARN_UNUSED_FUNCTION = YES;
				GCC_WARN_UNUSED_VARIABLE = YES;
				IPHONEOS_DEPLOYMENT_TARGET = 10.3;
				MTL_ENABLE_DEBUG_INFO = NO;
				SDKROOT = iphoneos;
				SWIFT_OPTIMIZATION_LEVEL = "-Owholemodule";
				TARGETED_DEVICE_FAMILY = "1,2";
				VALIDATE_PRODUCT = YES;
			};
			name = Release;
		};
		87C41CEC1ED896B5001E90F1 /* Debug */ = {
			isa = XCBuildConfiguration;
			baseConfigurationReference = 2F3B37AE9AF24E92FA4097BD /* Pods-WatRoom.debug.xcconfig */;
			buildSettings = {
				ASSETCATALOG_COMPILER_APPICON_NAME = AppIcon;
				CODE_SIGN_IDENTITY = "iPhone Developer";
				DEVELOPMENT_TEAM = 89449AARGW;
				INFOPLIST_FILE = WatRoom/Info.plist;
				IPHONEOS_DEPLOYMENT_TARGET = 9.0;
				LD_RUNPATH_SEARCH_PATHS = "$(inherited) @executable_path/Frameworks";
				PRODUCT_BUNDLE_IDENTIFIER = Marvin.WatRoom;
				PRODUCT_NAME = "$(TARGET_NAME)";
				SWIFT_OBJC_BRIDGING_HEADER = "";
				SWIFT_VERSION = 3.0;
			};
			name = Debug;
		};
		87C41CED1ED896B5001E90F1 /* Release */ = {
			isa = XCBuildConfiguration;
			baseConfigurationReference = 428B69999CC0C3DD12A7906B /* Pods-WatRoom.release.xcconfig */;
			buildSettings = {
				ASSETCATALOG_COMPILER_APPICON_NAME = AppIcon;
				CODE_SIGN_IDENTITY = "iPhone Developer";
				DEVELOPMENT_TEAM = 89449AARGW;
				INFOPLIST_FILE = WatRoom/Info.plist;
				IPHONEOS_DEPLOYMENT_TARGET = 9.0;
				LD_RUNPATH_SEARCH_PATHS = "$(inherited) @executable_path/Frameworks";
				PRODUCT_BUNDLE_IDENTIFIER = Marvin.WatRoom;
				PRODUCT_NAME = "$(TARGET_NAME)";
				SWIFT_OBJC_BRIDGING_HEADER = "";
				SWIFT_VERSION = 3.0;
			};
			name = Release;
		};
/* End XCBuildConfiguration section */

/* Begin XCConfigurationList section */
		87C41CD41ED896B5001E90F1 /* Build configuration list for PBXProject "WatRoom" */ = {
			isa = XCConfigurationList;
			buildConfigurations = (
				87C41CE91ED896B5001E90F1 /* Debug */,
				87C41CEA1ED896B5001E90F1 /* Release */,
			);
			defaultConfigurationIsVisible = 0;
			defaultConfigurationName = Release;
		};
		87C41CEB1ED896B5001E90F1 /* Build configuration list for PBXNativeTarget "WatRoom" */ = {
			isa = XCConfigurationList;
			buildConfigurations = (
				87C41CEC1ED896B5001E90F1 /* Debug */,
				87C41CED1ED896B5001E90F1 /* Release */,
			);
			defaultConfigurationIsVisible = 0;
			defaultConfigurationName = Release;
		};
/* End XCConfigurationList section */
	};
	rootObject = 87C41CD11ED896B5001E90F1 /* Project object */;
}
